// !$*UTF8*$!
{
	archiveVersion = 1;
	classes = {
	};
	objectVersion = 50;
	objects = {

/* Begin PBXBuildFile section */
		3E1D950624E94B0700707C63 /* PizzaViewController.swift in Sources */ = {isa = PBXBuildFile; fileRef = 3E1D950524E94B0700707C63 /* PizzaViewController.swift */; };
		3E1D950824E94D1200707C63 /* CastomCellPizza.swift in Sources */ = {isa = PBXBuildFile; fileRef = 3E1D950724E94D1200707C63 /* CastomCellPizza.swift */; };
		3E1D950A24E980A500707C63 /* InformationPizzaViewController.swift in Sources */ = {isa = PBXBuildFile; fileRef = 3E1D950924E980A500707C63 /* InformationPizzaViewController.swift */; };
		3E3E77E324D999480013E318 /* AppDelegate.swift in Sources */ = {isa = PBXBuildFile; fileRef = 3E3E77E224D999480013E318 /* AppDelegate.swift */; };
		3E3E77E524D999480013E318 /* SceneDelegate.swift in Sources */ = {isa = PBXBuildFile; fileRef = 3E3E77E424D999480013E318 /* SceneDelegate.swift */; };
		3E3E77E724D999480013E318 /* ViewController.swift in Sources */ = {isa = PBXBuildFile; fileRef = 3E3E77E624D999480013E318 /* ViewController.swift */; };
		3E3E77EA24D999480013E318 /* Main.storyboard in Resources */ = {isa = PBXBuildFile; fileRef = 3E3E77E824D999480013E318 /* Main.storyboard */; };
		3E3E77EC24D9994F0013E318 /* Assets.xcassets in Resources */ = {isa = PBXBuildFile; fileRef = 3E3E77EB24D9994F0013E318 /* Assets.xcassets */; };
		3E3E77EF24D9994F0013E318 /* LaunchScreen.storyboard in Resources */ = {isa = PBXBuildFile; fileRef = 3E3E77ED24D9994F0013E318 /* LaunchScreen.storyboard */; };
		3E464EDC24EEDF8E007CB9BF /* CartManager.swift in Sources */ = {isa = PBXBuildFile; fileRef = 3E464EDB24EEDF8E007CB9BF /* CartManager.swift */; };
		3E5426D924EBEBF300F5DE27 /* cellContetensStructur.swift in Sources */ = {isa = PBXBuildFile; fileRef = 3E5426D824EBEBF300F5DE27 /* cellContetensStructur.swift */; };
		3EAF3DD924E549E700A036BE /* PromotionalOffersViewController.swift in Sources */ = {isa = PBXBuildFile; fileRef = 3EAF3DD824E549E700A036BE /* PromotionalOffersViewController.swift */; };
		3EAF3DDB24E56E1B00A036BE /* CastomCellNews.swift in Sources */ = {isa = PBXBuildFile; fileRef = 3EAF3DDA24E56E1B00A036BE /* CastomCellNews.swift */; };
/* End PBXBuildFile section */

/* Begin PBXFileReference section */
		3E1D950524E94B0700707C63 /* PizzaViewController.swift */ = {isa = PBXFileReference; lastKnownFileType = sourcecode.swift; path = PizzaViewController.swift; sourceTree = "<group>"; };
		3E1D950724E94D1200707C63 /* CastomCellPizza.swift */ = {isa = PBXFileReference; lastKnownFileType = sourcecode.swift; path = CastomCellPizza.swift; sourceTree = "<group>"; };
		3E1D950924E980A500707C63 /* InformationPizzaViewController.swift */ = {isa = PBXFileReference; lastKnownFileType = sourcecode.swift; path = InformationPizzaViewController.swift; sourceTree = "<group>"; };
		3E3E77DF24D999480013E318 /* Bona.app */ = {isa = PBXFileReference; explicitFileType = wrapper.application; includeInIndex = 0; path = Bona.app; sourceTree = BUILT_PRODUCTS_DIR; };
		3E3E77E224D999480013E318 /* AppDelegate.swift */ = {isa = PBXFileReference; lastKnownFileType = sourcecode.swift; path = AppDelegate.swift; sourceTree = "<group>"; };
		3E3E77E424D999480013E318 /* SceneDelegate.swift */ = {isa = PBXFileReference; lastKnownFileType = sourcecode.swift; path = SceneDelegate.swift; sourceTree = "<group>"; };
		3E3E77E624D999480013E318 /* ViewController.swift */ = {isa = PBXFileReference; lastKnownFileType = sourcecode.swift; path = ViewController.swift; sourceTree = "<group>"; };
		3E3E77E924D999480013E318 /* Base */ = {isa = PBXFileReference; lastKnownFileType = file.storyboard; name = Base; path = Base.lproj/Main.storyboard; sourceTree = "<group>"; };
		3E3E77EB24D9994F0013E318 /* Assets.xcassets */ = {isa = PBXFileReference; lastKnownFileType = folder.assetcatalog; path = Assets.xcassets; sourceTree = "<group>"; };
		3E3E77EE24D9994F0013E318 /* Base */ = {isa = PBXFileReference; lastKnownFileType = file.storyboard; name = Base; path = Base.lproj/LaunchScreen.storyboard; sourceTree = "<group>"; };
		3E3E77F024D9994F0013E318 /* Info.plist */ = {isa = PBXFileReference; lastKnownFileType = text.plist.xml; path = Info.plist; sourceTree = "<group>"; };
		3E464EDB24EEDF8E007CB9BF /* CartManager.swift */ = {isa = PBXFileReference; lastKnownFileType = sourcecode.swift; path = CartManager.swift; sourceTree = "<group>"; };
		3E5426D824EBEBF300F5DE27 /* cellContetensStructur.swift */ = {isa = PBXFileReference; lastKnownFileType = sourcecode.swift; path = cellContetensStructur.swift; sourceTree = "<group>"; };
		3EAF3DD824E549E700A036BE /* PromotionalOffersViewController.swift */ = {isa = PBXFileReference; lastKnownFileType = sourcecode.swift; path = PromotionalOffersViewController.swift; sourceTree = "<group>"; };
		3EAF3DDA24E56E1B00A036BE /* CastomCellNews.swift */ = {isa = PBXFileReference; lastKnownFileType = sourcecode.swift; path = CastomCellNews.swift; sourceTree = "<group>"; };
/* End PBXFileReference section */

/* Begin PBXFrameworksBuildPhase section */
		3E3E77DC24D999480013E318 /* Frameworks */ = {
			isa = PBXFrameworksBuildPhase;
			buildActionMask = 2147483647;
			files = (
			);
			runOnlyForDeploymentPostprocessing = 0;
		};
/* End PBXFrameworksBuildPhase section */

/* Begin PBXGroup section */
		3E3E77D624D999480013E318 = {
			isa = PBXGroup;
			children = (
				3E3E77E124D999480013E318 /* Bona */,
				3E3E77E024D999480013E318 /* Products */,
			);
			sourceTree = "<group>";
		};
		3E3E77E024D999480013E318 /* Products */ = {
			isa = PBXGroup;
			children = (
				3E3E77DF24D999480013E318 /* Bona.app */,
			);
			name = Products;
			sourceTree = "<group>";
		};
		3E3E77E124D999480013E318 /* Bona */ = {
			isa = PBXGroup;
			children = (
				3E3E77E224D999480013E318 /* AppDelegate.swift */,
				3E3E77E424D999480013E318 /* SceneDelegate.swift */,
				3E3E77E624D999480013E318 /* ViewController.swift */,
				3E3E77E824D999480013E318 /* Main.storyboard */,
				3EAF3DD824E549E700A036BE /* PromotionalOffersViewController.swift */,
				3E1D950524E94B0700707C63 /* PizzaViewController.swift */,
				3E464EDB24EEDF8E007CB9BF /* CartManager.swift */,
				3E1D950724E94D1200707C63 /* CastomCellPizza.swift */,
				3E1D950924E980A500707C63 /* InformationPizzaViewController.swift */,
				3EAF3DDA24E56E1B00A036BE /* CastomCellNews.swift */,
				3E5426D824EBEBF300F5DE27 /* cellContetensStructur.swift */,
				3E3E77EB24D9994F0013E318 /* Assets.xcassets */,
				3E3E77ED24D9994F0013E318 /* LaunchScreen.storyboard */,
				3E3E77F024D9994F0013E318 /* Info.plist */,
			);
			path = Bona;
			sourceTree = "<group>";
		};
/* End PBXGroup section */

/* Begin PBXNativeTarget section */
		3E3E77DE24D999480013E318 /* Bona */ = {
			isa = PBXNativeTarget;
			buildConfigurationList = 3E3E77F324D9994F0013E318 /* Build configuration list for PBXNativeTarget "Bona" */;
			buildPhases = (
				3E3E77DB24D999480013E318 /* Sources */,
				3E3E77DC24D999480013E318 /* Frameworks */,
				3E3E77DD24D999480013E318 /* Resources */,
			);
			buildRules = (
			);
			dependencies = (
			);
			name = Bona;
			productName = Bona;
			productReference = 3E3E77DF24D999480013E318 /* Bona.app */;
			productType = "com.apple.product-type.application";
		};
/* End PBXNativeTarget section */

/* Begin PBXProject section */
		3E3E77D724D999480013E318 /* Project object */ = {
			isa = PBXProject;
			attributes = {
				LastSwiftUpdateCheck = 1160;
				LastUpgradeCheck = 1160;
				ORGANIZATIONNAME = "Andrew Cheberyako";
				TargetAttributes = {
					3E3E77DE24D999480013E318 = {
						CreatedOnToolsVersion = 11.6;
					};
				};
			};
			buildConfigurationList = 3E3E77DA24D999480013E318 /* Build configuration list for PBXProject "Bona" */;
			compatibilityVersion = "Xcode 9.3";
			developmentRegion = en;
			hasScannedForEncodings = 0;
			knownRegions = (
				en,
				Base,
			);
			mainGroup = 3E3E77D624D999480013E318;
			productRefGroup = 3E3E77E024D999480013E318 /* Products */;
			projectDirPath = "";
			projectRoot = "";
			targets = (
				3E3E77DE24D999480013E318 /* Bona */,
			);
		};
/* End PBXProject section */

/* Begin PBXResourcesBuildPhase section */
		3E3E77DD24D999480013E318 /* Resources */ = {
			isa = PBXResourcesBuildPhase;
			buildActionMask = 2147483647;
			files = (
				3E3E77EF24D9994F0013E318 /* LaunchScreen.storyboard in Resources */,
				3E3E77EC24D9994F0013E318 /* Assets.xcassets in Resources */,
				3E3E77EA24D999480013E318 /* Main.storyboard in Resources */,
			);
			runOnlyForDeploymentPostprocessing = 0;
		};
/* End PBXResourcesBuildPhase section */

/* Begin PBXSourcesBuildPhase section */
		3E3E77DB24D999480013E318 /* Sources */ = {
			isa = PBXSourcesBuildPhase;
			buildActionMask = 2147483647;
			files = (
				3E3E77E724D999480013E318 /* ViewController.swift in Sources */,
				3E1D950824E94D1200707C63 /* CastomCellPizza.swift in Sources */,
				3E3E77E324D999480013E318 /* AppDelegate.swift in Sources */,
				3E3E77E524D999480013E318 /* SceneDelegate.swift in Sources */,
				3EAF3DD924E549E700A036BE /* PromotionalOffersViewController.swift in Sources */,
				3E464EDC24EEDF8E007CB9BF /* CartManager.swift in Sources */,
				3E1D950A24E980A500707C63 /* InformationPizzaViewController.swift in Sources */,
				3E5426D924EBEBF300F5DE27 /* cellContetensStructur.swift in Sources */,
				3EAF3DDB24E56E1B00A036BE /* CastomCellNews.swift in Sources */,
				3E1D950624E94B0700707C63 /* PizzaViewController.swift in Sources */,
			);
			runOnlyForDeploymentPostprocessing = 0;
		};
/* End PBXSourcesBuildPhase section */

/* Begin PBXVariantGroup section */
		3E3E77E824D999480013E318 /* Main.storyboard */ = {
			isa = PBXVariantGroup;
			children = (
				3E3E77E924D999480013E318 /* Base */,
			);
			name = Main.storyboard;
			sourceTree = "<group>";
		};
		3E3E77ED24D9994F0013E318 /* LaunchScreen.storyboard */ = {
			isa = PBXVariantGroup;
			children = (
				3E3E77EE24D9994F0013E318 /* Base */,
			);
			name = LaunchScreen.storyboard;
			sourceTree = "<group>";
		};
/* End PBXVariantGroup section */

/* Begin XCBuildConfiguration section */
		3E3E77F124D9994F0013E318 /* Debug */ = {
			isa = XCBuildConfiguration;
			buildSettings = {
				ALWAYS_SEARCH_USER_PATHS = NO;
				CLANG_ANALYZER_NONNULL = YES;
				CLANG_ANALYZER_NUMBER_OBJECT_CONVERSION = YES_AGGRESSIVE;
				CLANG_CXX_LANGUAGE_STANDARD = "gnu++14";
				CLANG_CXX_LIBRARY = "libc++";
				CLANG_ENABLE_MODULES = YES;
				CLANG_ENABLE_OBJC_ARC = YES;
				CLANG_ENABLE_OBJC_WEAK = YES;
				CLANG_WARN_BLOCK_CAPTURE_AUTORELEASING = YES;
				CLANG_WARN_BOOL_CONVERSION = YES;
				CLANG_WARN_COMMA = YES;
				CLANG_WARN_CONSTANT_CONVERSION = YES;
				CLANG_WARN_DEPRECATED_OBJC_IMPLEMENTATIONS = YES;
				CLANG_WARN_DIRECT_OBJC_ISA_USAGE = YES_ERROR;
				CLANG_WARN_DOCUMENTATION_COMMENTS = YES;
				CLANG_WARN_EMPTY_BODY = YES;
				CLANG_WARN_ENUM_CONVERSION = YES;
				CLANG_WARN_INFINITE_RECURSION = YES;
				CLANG_WARN_INT_CONVERSION = YES;
				CLANG_WARN_NON_LITERAL_NULL_CONVERSION = YES;
				CLANG_WARN_OBJC_IMPLICIT_RETAIN_SELF = YES;
				CLANG_WARN_OBJC_LITERAL_CONVERSION = YES;
				CLANG_WARN_OBJC_ROOT_CLASS = YES_ERROR;
				CLANG_WARN_RANGE_LOOP_ANALYSIS = YES;
				CLANG_WARN_STRICT_PROTOTYPES = YES;
				CLANG_WARN_SUSPICIOUS_MOVE = YES;
				CLANG_WARN_UNGUARDED_AVAILABILITY = YES_AGGRESSIVE;
				CLANG_WARN_UNREACHABLE_CODE = YES;
				CLANG_WARN__DUPLICATE_METHOD_MATCH = YES;
				COPY_PHASE_STRIP = NO;
				DEBUG_INFORMATION_FORMAT = dwarf;
				ENABLE_STRICT_OBJC_MSGSEND = YES;
				ENABLE_TESTABILITY = YES;
				GCC_C_LANGUAGE_STANDARD = gnu11;
				GCC_DYNAMIC_NO_PIC = NO;
				GCC_NO_COMMON_BLOCKS = YES;
				GCC_OPTIMIZATION_LEVEL = 0;
				GCC_PREPROCESSOR_DEFINITIONS = (
					"DEBUG=1",
					"$(inherited)",
				);
				GCC_WARN_64_TO_32_BIT_CONVERSION = YES;
				GCC_WARN_ABOUT_RETURN_TYPE = YES_ERROR;
				GCC_WARN_UNDECLARED_SELECTOR = YES;
				GCC_WARN_UNINITIALIZED_AUTOS = YES_AGGRESSIVE;
				GCC_WARN_UNUSED_FUNCTION = YES;
				GCC_WARN_UNUSED_VARIABLE = YES;
				IPHONEOS_DEPLOYMENT_TARGET = 13.6;
				MTL_ENABLE_DEBUG_INFO = INCLUDE_SOURCE;
				MTL_FAST_MATH = YES;
				ONLY_ACTIVE_ARCH = YES;
				SDKROOT = iphoneos;
				SWIFT_ACTIVE_COMPILATION_CONDITIONS = DEBUG;
				SWIFT_OPTIMIZATION_LEVEL = "-Onone";
			};
			name = Debug;
		};
		3E3E77F224D9994F0013E318 /* Release */ = {
			isa = XCBuildConfiguration;
			buildSettings = {
				ALWAYS_SEARCH_USER_PATHS = NO;
				CLANG_ANALYZER_NONNULL = YES;
				CLANG_ANALYZER_NUMBER_OBJECT_CONVERSION = YES_AGGRESSIVE;
				CLANG_CXX_LANGUAGE_STANDARD = "gnu++14";
				CLANG_CXX_LIBRARY = "libc++";
				CLANG_ENABLE_MODULES = YES;
				CLANG_ENABLE_OBJC_ARC = YES;
				CLANG_ENABLE_OBJC_WEAK = YES;
				CLANG_WARN_BLOCK_CAPTURE_AUTORELEASING = YES;
				CLANG_WARN_BOOL_CONVERSION = YES;
				CLANG_WARN_COMMA = YES;
				CLANG_WARN_CONSTANT_CONVERSION = YES;
				CLANG_WARN_DEPRECATED_OBJC_IMPLEMENTATIONS = YES;
				CLANG_WARN_DIRECT_OBJC_ISA_USAGE = YES_ERROR;
				CLANG_WARN_DOCUMENTATION_COMMENTS = YES;
				CLANG_WARN_EMPTY_BODY = YES;
				CLANG_WARN_ENUM_CONVERSION = YES;
				CLANG_WARN_INFINITE_RECURSION = YES;
				CLANG_WARN_INT_CONVERSION = YES;
				CLANG_WARN_NON_LITERAL_NULL_CONVERSION = YES;
				CLANG_WARN_OBJC_IMPLICIT_RETAIN_SELF = YES;
				CLANG_WARN_OBJC_LITERAL_CONVERSION = YES;
				CLANG_WARN_OBJC_ROOT_CLASS = YES_ERROR;
				CLANG_WARN_RANGE_LOOP_ANALYSIS = YES;
				CLANG_WARN_STRICT_PROTOTYPES = YES;
				CLANG_WARN_SUSPICIOUS_MOVE = YES;
				CLANG_WARN_UNGUARDED_AVAILABILITY = YES_AGGRESSIVE;
				CLANG_WARN_UNREACHABLE_CODE = YES;
				CLANG_WARN__DUPLICATE_METHOD_MATCH = YES;
				COPY_PHASE_STRIP = NO;
				DEBUG_INFORMATION_FORMAT = "dwarf-with-dsym";
				ENABLE_NS_ASSERTIONS = NO;
				ENABLE_STRICT_OBJC_MSGSEND = YES;
				GCC_C_LANGUAGE_STANDARD = gnu11;
				GCC_NO_COMMON_BLOCKS = YES;
				GCC_WARN_64_TO_32_BIT_CONVERSION = YES;
				GCC_WARN_ABOUT_RETURN_TYPE = YES_ERROR;
				GCC_WARN_UNDECLARED_SELECTOR = YES;
				GCC_WARN_UNINITIALIZED_AUTOS = YES_AGGRESSIVE;
				GCC_WARN_UNUSED_FUNCTION = YES;
				GCC_WARN_UNUSED_VARIABLE = YES;
				IPHONEOS_DEPLOYMENT_TARGET = 13.6;
				MTL_ENABLE_DEBUG_INFO = NO;
				MTL_FAST_MATH = YES;
				SDKROOT = iphoneos;
				SWIFT_COMPILATION_MODE = wholemodule;
				SWIFT_OPTIMIZATION_LEVEL = "-O";
				VALIDATE_PRODUCT = YES;
			};
			name = Release;
		};
		3E3E77F424D9994F0013E318 /* Debug */ = {
			isa = XCBuildConfiguration;
			buildSettings = {
				ASSETCATALOG_COMPILER_APPICON_NAME = AppIcon;
				CODE_SIGN_STYLE = Automatic;
				DEVELOPMENT_TEAM = X6RLZ99668;
				INFOPLIST_FILE = Bona/Info.plist;
				LD_RUNPATH_SEARCH_PATHS = (
					"$(inherited)",
					"@executable_path/Frameworks",
				);
				PRODUCT_BUNDLE_IDENTIFIER = anrew.Bona;
				PRODUCT_NAME = "$(TARGET_NAME)";
				SWIFT_VERSION = 5.0;
				TARGETED_DEVICE_FAMILY = 1;
			};
			name = Debug;
		};
		3E3E77F524D9994F0013E318 /* Release */ = {
			isa = XCBuildConfiguration;
			buildSettings = {
				ASSETCATALOG_COMPILER_APPICON_NAME = AppIcon;
				CODE_SIGN_STYLE = Automatic;
				DEVELOPMENT_TEAM = X6RLZ99668;
				INFOPLIST_FILE = Bona/Info.plist;
				LD_RUNPATH_SEARCH_PATHS = (
					"$(inherited)",
					"@executable_path/Frameworks",
				);
				PRODUCT_BUNDLE_IDENTIFIER = anrew.Bona;
				PRODUCT_NAME = "$(TARGET_NAME)";
				SWIFT_VERSION = 5.0;
				TARGETED_DEVICE_FAMILY = 1;
			};
			name = Release;
		};
/* End XCBuildConfiguration section */

/* Begin XCConfigurationList section */
		3E3E77DA24D999480013E318 /* Build configuration list for PBXProject "Bona" */ = {
			isa = XCConfigurationList;
			buildConfigurations = (
				3E3E77F124D9994F0013E318 /* Debug */,
				3E3E77F224D9994F0013E318 /* Release */,
			);
			defaultConfigurationIsVisible = 0;
			defaultConfigurationName = Release;
		};
		3E3E77F324D9994F0013E318 /* Build configuration list for PBXNativeTarget "Bona" */ = {
			isa = XCConfigurationList;
			buildConfigurations = (
				3E3E77F424D9994F0013E318 /* Debug */,
				3E3E77F524D9994F0013E318 /* Release */,
			);
			defaultConfigurationIsVisible = 0;
			defaultConfigurationName = Release;
		};
/* End XCConfigurationList section */
	};
	rootObject = 3E3E77D724D999480013E318 /* Project object */;
}
